
Microsoft Visual Studio Solution File, Format Version 12.00
# Visual Studio 15
Project("{FAE04EC0-301F-11D3-BF4B-00C04F79EFBC}") = "FMODUnity", "FMODUnity.csproj", "{A1B5BC22-2B0E-264E-4F6C-3DA3B3F931E8}"
EndProject
Project("{FAE04EC0-301F-11D3-BF4B-00C04F79EFBC}") = "FMODUnityEditor", "FMODUnityEditor.csproj", "{F3F0729E-22BB-6F7B-44EE-B18CCBD7D3E2}"
EndProject
Project("{FAE04EC0-301F-11D3-BF4B-00C04F79EFBC}") = "Assembly-CSharp", "Assembly-CSharp.csproj", "{981A01C3-CDB4-871E-A84A-B94C61837847}"
EndProject
Project("{FAE04EC0-301F-11D3-BF4B-00C04F79EFBC}") = "FMODUnityResonanceEditor", "FMODUnityResonanceEditor.csproj", "{0C8312CA-CC0E-9809-C4C6-EE3F83D57F1D}"
EndProject
Project("{FAE04EC0-301F-11D3-BF4B-00C04F79EFBC}") = "Assembly-CSharp-Editor", "Assembly-CSharp-Editor.csproj", "{13470655-F41D-D70D-1D74-A31325D5399D}"
EndProject
Project("{FAE04EC0-301F-11D3-BF4B-00C04F79EFBC}") = "FMODUnityResonance", "FMODUnityResonance.csproj", "{5914AA1C-E237-4E1E-8089-45A85726932A}"
EndProject
Global
	GlobalSection(SolutionConfigurationPlatforms) = preSolution
		Debug|Any CPU = Debug|Any CPU
		Release|Any CPU = Release|Any CPU
	EndGlobalSection
	GlobalSection(ProjectConfigurationPlatforms) = postSolution
		{A1B5BC22-2B0E-264E-4F6C-3DA3B3F931E8}.Debug|Any CPU.ActiveCfg = Debug|Any CPU
		{A1B5BC22-2B0E-264E-4F6C-3DA3B3F931E8}.Debug|Any CPU.Build.0 = Debug|Any CPU
		{A1B5BC22-2B0E-264E-4F6C-3DA3B3F931E8}.Release|Any CPU.ActiveCfg = Release|Any CPU
		{A1B5BC22-2B0E-264E-4F6C-3DA3B3F931E8}.Release|Any CPU.Build.0 = Release|Any CPU
		{F3F0729E-22BB-6F7B-44EE-B18CCBD7D3E2}.Debug|Any CPU.ActiveCfg = Debug|Any CPU
		{F3F0729E-22BB-6F7B-44EE-B18CCBD7D3E2}.Debug|Any CPU.Build.0 = Debug|Any CPU
		{F3F0729E-22BB-6F7B-44EE-B18CCBD7D3E2}.Release|Any CPU.ActiveCfg = Release|Any CPU
		{F3F0729E-22BB-6F7B-44EE-B18CCBD7D3E2}.Release|Any CPU.Build.0 = Release|Any CPU
		{981A01C3-CDB4-871E-A84A-B94C61837847}.Debug|Any CPU.ActiveCfg = Debug|Any CPU
		{981A01C3-CDB4-871E-A84A-B94C61837847}.Debug|Any CPU.Build.0 = Debug|Any CPU
		{981A01C3-CDB4-871E-A84A-B94C61837847}.Release|Any CPU.ActiveCfg = Release|Any CPU
		{981A01C3-CDB4-871E-A84A-B94C61837847}.Release|Any CPU.Build.0 = Release|Any CPU
		{0C8312CA-CC0E-9809-C4C6-EE3F83D57F1D}.Debug|Any CPU.ActiveCfg = Debug|Any CPU
		{0C8312CA-CC0E-9809-C4C6-EE3F83D57F1D}.Debug|Any CPU.Build.0 = Debug|Any CPU
		{0C8312CA-CC0E-9809-C4C6-EE3F83D57F1D}.Release|Any CPU.ActiveCfg = Release|Any CPU
		{0C8312CA-CC0E-9809-C4C6-EE3F83D57F1D}.Release|Any CPU.Build.0 = Release|Any CPU
		{13470655-F41D-D70D-1D74-A31325D5399D}.Debug|Any CPU.ActiveCfg = Debug|Any CPU
		{13470655-F41D-D70D-1D74-A31325D5399D}.Debug|Any CPU.Build.0 = Debug|Any CPU
		{13470655-F41D-D70D-1D74-A31325D5399D}.Release|Any CPU.ActiveCfg = Release|Any CPU
		{13470655-F41D-D70D-1D74-A31325D5399D}.Release|Any CPU.Build.0 = Release|Any CPU
		{5914AA1C-E237-4E1E-8089-45A85726932A}.Debug|Any CPU.ActiveCfg = Debug|Any CPU
		{5914AA1C-E237-4E1E-8089-45A85726932A}.Debug|Any CPU.Build.0 = Debug|Any CPU
		{5914AA1C-E237-4E1E-8089-45A85726932A}.Release|Any CPU.ActiveCfg = Release|Any CPU
		{5914AA1C-E237-4E1E-8089-45A85726932A}.Release|Any CPU.Build.0 = Release|Any CPU
	EndGlobalSection
	GlobalSection(SolutionProperties) = preSolution
		HideSolutionNode = FALSE
	EndGlobalSection
EndGlobal
