
Microsoft Visual Studio Solution File, Format Version 12.00
# Visual Studio 15
Project("{FAE04EC0-301F-11D3-BF4B-00C04F79EFBC}") = "FMODUnity", "FMODUnity.csproj", "{059400F5-B1F8-129B-ECE6-D49134123781}"
EndProject
Project("{FAE04EC0-301F-11D3-BF4B-00C04F79EFBC}") = "FMODUnityEditor", "FMODUnityEditor.csproj", "{1FFD1DE2-8B53-3612-E1C1-B6F5EF8DAD84}"
EndProject
Project("{FAE04EC0-301F-11D3-BF4B-00C04F79EFBC}") = "Assembly-CSharp", "Assembly-CSharp.csproj", "{B87977AE-FC10-26C3-FCFF-54A8B2639543}"
EndProject
Project("{FAE04EC0-301F-11D3-BF4B-00C04F79EFBC}") = "FMODUnityResonanceEditor", "FMODUnityResonanceEditor.csproj", "{A2F849E7-B01E-72B1-E715-A87A2828B9AE}"
EndProject
Project("{FAE04EC0-301F-11D3-BF4B-00C04F79EFBC}") = "Assembly-CSharp-Editor", "Assembly-CSharp-Editor.csproj", "{D3858477-0D28-19D9-D320-7C087FFA9AA7}"
EndProject
Project("{FAE04EC0-301F-11D3-BF4B-00C04F79EFBC}") = "FMODUnityResonance", "FMODUnityResonance.csproj", "{F71879ED-06D7-6BDB-9D94-5EEACCDA1B36}"
EndProject
Global
	GlobalSection(SolutionConfigurationPlatforms) = preSolution
		Debug|Any CPU = Debug|Any CPU
		Release|Any CPU = Release|Any CPU
	EndGlobalSection
	GlobalSection(ProjectConfigurationPlatforms) = postSolution
		{059400F5-B1F8-129B-ECE6-D49134123781}.Debug|Any CPU.ActiveCfg = Debug|Any CPU
		{059400F5-B1F8-129B-ECE6-D49134123781}.Debug|Any CPU.Build.0 = Debug|Any CPU
		{059400F5-B1F8-129B-ECE6-D49134123781}.Release|Any CPU.ActiveCfg = Release|Any CPU
		{059400F5-B1F8-129B-ECE6-D49134123781}.Release|Any CPU.Build.0 = Release|Any CPU
		{1FFD1DE2-8B53-3612-E1C1-B6F5EF8DAD84}.Debug|Any CPU.ActiveCfg = Debug|Any CPU
		{1FFD1DE2-8B53-3612-E1C1-B6F5EF8DAD84}.Debug|Any CPU.Build.0 = Debug|Any CPU
		{1FFD1DE2-8B53-3612-E1C1-B6F5EF8DAD84}.Release|Any CPU.ActiveCfg = Release|Any CPU
		{1FFD1DE2-8B53-3612-E1C1-B6F5EF8DAD84}.Release|Any CPU.Build.0 = Release|Any CPU
		{B87977AE-FC10-26C3-FCFF-54A8B2639543}.Debug|Any CPU.ActiveCfg = Debug|Any CPU
		{B87977AE-FC10-26C3-FCFF-54A8B2639543}.Debug|Any CPU.Build.0 = Debug|Any CPU
		{B87977AE-FC10-26C3-FCFF-54A8B2639543}.Release|Any CPU.ActiveCfg = Release|Any CPU
		{B87977AE-FC10-26C3-FCFF-54A8B2639543}.Release|Any CPU.Build.0 = Release|Any CPU
		{A2F849E7-B01E-72B1-E715-A87A2828B9AE}.Debug|Any CPU.ActiveCfg = Debug|Any CPU
		{A2F849E7-B01E-72B1-E715-A87A2828B9AE}.Debug|Any CPU.Build.0 = Debug|Any CPU
		{A2F849E7-B01E-72B1-E715-A87A2828B9AE}.Release|Any CPU.ActiveCfg = Release|Any CPU
		{A2F849E7-B01E-72B1-E715-A87A2828B9AE}.Release|Any CPU.Build.0 = Release|Any CPU
		{D3858477-0D28-19D9-D320-7C087FFA9AA7}.Debug|Any CPU.ActiveCfg = Debug|Any CPU
		{D3858477-0D28-19D9-D320-7C087FFA9AA7}.Debug|Any CPU.Build.0 = Debug|Any CPU
		{D3858477-0D28-19D9-D320-7C087FFA9AA7}.Release|Any CPU.ActiveCfg = Release|Any CPU
		{D3858477-0D28-19D9-D320-7C087FFA9AA7}.Release|Any CPU.Build.0 = Release|Any CPU
		{F71879ED-06D7-6BDB-9D94-5EEACCDA1B36}.Debug|Any CPU.ActiveCfg = Debug|Any CPU
		{F71879ED-06D7-6BDB-9D94-5EEACCDA1B36}.Debug|Any CPU.Build.0 = Debug|Any CPU
		{F71879ED-06D7-6BDB-9D94-5EEACCDA1B36}.Release|Any CPU.ActiveCfg = Release|Any CPU
		{F71879ED-06D7-6BDB-9D94-5EEACCDA1B36}.Release|Any CPU.Build.0 = Release|Any CPU
	EndGlobalSection
	GlobalSection(SolutionProperties) = preSolution
		HideSolutionNode = FALSE
	EndGlobalSection
EndGlobal
