
Microsoft Visual Studio Solution File, Format Version 12.00
# Visual Studio 15
Project("{FAE04EC0-301F-11D3-BF4B-00C04F79EFBC}") = "Assembly-CSharp", "Assembly-CSharp.csproj", "{A9126FB1-79A6-8328-FB3F-2C3B755ABDF1}"
EndProject
Project("{FAE04EC0-301F-11D3-BF4B-00C04F79EFBC}") = "MerryYellow.CodeAssist.Editor", "MerryYellow.CodeAssist.Editor.csproj", "{5396B6CE-56EB-96EA-7B5E-CCE53C753335}"
EndProject
Project("{FAE04EC0-301F-11D3-BF4B-00C04F79EFBC}") = "FMODUnity", "FMODUnity.csproj", "{3815801A-A7F5-CD20-692D-2D6D78DB7344}"
EndProject
Project("{FAE04EC0-301F-11D3-BF4B-00C04F79EFBC}") = "FMODUnityEditor", "FMODUnityEditor.csproj", "{E0373054-D8CA-379E-24FD-2641BEE2C374}"
EndProject
Project("{FAE04EC0-301F-11D3-BF4B-00C04F79EFBC}") = "FMODUnityResonanceEditor", "FMODUnityResonanceEditor.csproj", "{FF71BD9F-4CB7-B350-399F-E52398BDA92E}"
EndProject
Project("{FAE04EC0-301F-11D3-BF4B-00C04F79EFBC}") = "Assembly-CSharp-Editor", "Assembly-CSharp-Editor.csproj", "{D63D7383-CBA6-CE9E-B41E-F6DB9B6C7CCB}"
EndProject
Project("{FAE04EC0-301F-11D3-BF4B-00C04F79EFBC}") = "FMODUnityResonance", "FMODUnityResonance.csproj", "{B4884D07-CE83-00B9-B43E-C43BC9353005}"
EndProject
Global
	GlobalSection(SolutionConfigurationPlatforms) = preSolution
		Debug|Any CPU = Debug|Any CPU
		Release|Any CPU = Release|Any CPU
	EndGlobalSection
	GlobalSection(ProjectConfigurationPlatforms) = postSolution
		{A9126FB1-79A6-8328-FB3F-2C3B755ABDF1}.Debug|Any CPU.ActiveCfg = Debug|Any CPU
		{A9126FB1-79A6-8328-FB3F-2C3B755ABDF1}.Debug|Any CPU.Build.0 = Debug|Any CPU
		{A9126FB1-79A6-8328-FB3F-2C3B755ABDF1}.Release|Any CPU.ActiveCfg = Release|Any CPU
		{A9126FB1-79A6-8328-FB3F-2C3B755ABDF1}.Release|Any CPU.Build.0 = Release|Any CPU
		{5396B6CE-56EB-96EA-7B5E-CCE53C753335}.Debug|Any CPU.ActiveCfg = Debug|Any CPU
		{5396B6CE-56EB-96EA-7B5E-CCE53C753335}.Debug|Any CPU.Build.0 = Debug|Any CPU
		{5396B6CE-56EB-96EA-7B5E-CCE53C753335}.Release|Any CPU.ActiveCfg = Release|Any CPU
		{5396B6CE-56EB-96EA-7B5E-CCE53C753335}.Release|Any CPU.Build.0 = Release|Any CPU
		{3815801A-A7F5-CD20-692D-2D6D78DB7344}.Debug|Any CPU.ActiveCfg = Debug|Any CPU
		{3815801A-A7F5-CD20-692D-2D6D78DB7344}.Debug|Any CPU.Build.0 = Debug|Any CPU
		{3815801A-A7F5-CD20-692D-2D6D78DB7344}.Release|Any CPU.ActiveCfg = Release|Any CPU
		{3815801A-A7F5-CD20-692D-2D6D78DB7344}.Release|Any CPU.Build.0 = Release|Any CPU
		{E0373054-D8CA-379E-24FD-2641BEE2C374}.Debug|Any CPU.ActiveCfg = Debug|Any CPU
		{E0373054-D8CA-379E-24FD-2641BEE2C374}.Debug|Any CPU.Build.0 = Debug|Any CPU
		{E0373054-D8CA-379E-24FD-2641BEE2C374}.Release|Any CPU.ActiveCfg = Release|Any CPU
		{E0373054-D8CA-379E-24FD-2641BEE2C374}.Release|Any CPU.Build.0 = Release|Any CPU
		{FF71BD9F-4CB7-B350-399F-E52398BDA92E}.Debug|Any CPU.ActiveCfg = Debug|Any CPU
		{FF71BD9F-4CB7-B350-399F-E52398BDA92E}.Debug|Any CPU.Build.0 = Debug|Any CPU
		{FF71BD9F-4CB7-B350-399F-E52398BDA92E}.Release|Any CPU.ActiveCfg = Release|Any CPU
		{FF71BD9F-4CB7-B350-399F-E52398BDA92E}.Release|Any CPU.Build.0 = Release|Any CPU
		{D63D7383-CBA6-CE9E-B41E-F6DB9B6C7CCB}.Debug|Any CPU.ActiveCfg = Debug|Any CPU
		{D63D7383-CBA6-CE9E-B41E-F6DB9B6C7CCB}.Debug|Any CPU.Build.0 = Debug|Any CPU
		{D63D7383-CBA6-CE9E-B41E-F6DB9B6C7CCB}.Release|Any CPU.ActiveCfg = Release|Any CPU
		{D63D7383-CBA6-CE9E-B41E-F6DB9B6C7CCB}.Release|Any CPU.Build.0 = Release|Any CPU
		{B4884D07-CE83-00B9-B43E-C43BC9353005}.Debug|Any CPU.ActiveCfg = Debug|Any CPU
		{B4884D07-CE83-00B9-B43E-C43BC9353005}.Debug|Any CPU.Build.0 = Debug|Any CPU
		{B4884D07-CE83-00B9-B43E-C43BC9353005}.Release|Any CPU.ActiveCfg = Release|Any CPU
		{B4884D07-CE83-00B9-B43E-C43BC9353005}.Release|Any CPU.Build.0 = Release|Any CPU
	EndGlobalSection
	GlobalSection(SolutionProperties) = preSolution
		HideSolutionNode = FALSE
	EndGlobalSection
EndGlobal
